{
    "_readme": [
        "This file locks the dependencies of your project to a known state",
        "Read more about it at https://getcomposer.org/doc/01-basic-usage.md#composer-lock-the-lock-file",
        "This file is @generated automatically"
    ],
    "content-hash": "e34d4f8eb94fd15667612baeca6a1203",
    "packages": [
        {
            "name": "kktsvetkov/krumo",
            "version": "0.4",
            "source": {
                "type": "git",
                "url": "https://github.com/kktsvetkov/krumo.git",
                "reference": "fc8bfbb350ca481446820a665afe93ab98423e1e"
            },
            "dist": {
                "type": "zip",
                "url": "https://api.github.com/repos/kktsvetkov/krumo/zipball/fc8bfbb350ca481446820a665afe93ab98423e1e",
                "reference": "fc8bfbb350ca481446820a665afe93ab98423e1e",
                "shasum": ""
            },
            "require": {
                "php": ">=5.3.0"
            },
            "type": "library",
            "autoload": {
                "files": [
                    "class.krumo.php"
                ]
            },
            "notification-url": "https://packagist.org/downloads/",
            "license": [
                "LGPL-2.1"
            ],
            "authors": [
                {
                    "name": "Kaloyan Tsvetkov (KT)",
                    "email": "kaloyan@kaloyan.info",
                    "homepage": "http://kaloyan.info",
                    "role": "Developer"
                }
            ],
            "description": "Krumo is a debugging tool, which displays structured information about any PHP variable. It is a nice replacement for print_r() or var_dump() which are used by a lot of PHP developers.",
            "homepage": "http://krumo.kaloyan.info",
            "keywords": [
                "debug",
                "debugging",
                "devel",
                "development",
                "krumo",
                "print_r",
                "var_dump",
                "var_export"
            ],
            "time": "2017-11-21T10:11:07+00:00"
        }
    ],
    "packages-dev": [],
    "aliases": [],
    "minimum-stability": "stable",
    "stability-flags": [],
    "prefer-stable": false,
    "prefer-lowest": false,
    "platform": [],
    "platform-dev": []
}
