{
    "_readme": [
        "This file locks the dependencies of your project to a known state",
        "Read more about it at https://getcomposer.org/doc/01-basic-usage.md#composer-lock-the-lock-file",
        "This file is @generated automatically"
    ],
    "content-hash": "b4a0ea5cba4bb5b82c0d6753e4da2408",
    "packages": [
        {
            "name": "xenobytezero/krumo",
            "version": "v0.5.8",
            "source": {
                "type": "git",
                "url": "https://github.com/xenobytezero/krumo.git",
                "reference": "c2a0339c31f03184c40c6df3180a71659d93f88f"
            },
            "dist": {
                "type": "zip",
                "url": "https://api.github.com/repos/xenobytezero/krumo/zipball/c2a0339c31f03184c40c6df3180a71659d93f88f",
                "reference": "c2a0339c31f03184c40c6df3180a71659d93f88f",
                "shasum": ""
            },
            "require": {
                "php": ">=5.2.17"
            },
            "require-dev": {
                "fabpot/php-cs-fixer": "dev-master",
                "phpmd/phpmd": "dev-master"
            },
            "type": "library",
            "autoload": {
                "files": [
                    "class.krumo.php"
                ]
            },
            "license": [
                "LGPL"
            ],
            "authors": [
                {
                    "name": "Kaloyan K. Tsvetkov",
                    "email": "kaloyan@kaloyan.info"
                },
                {
                    "name": "Matthew J. Mucklo",
                    "email": "mmucklo@gmail.com"
                },
                {
                    "name": "Stefan Thomas",
                    "email": "moon@justmoon.de"
                },
                {
                    "name": "Scott Baker",
                    "email": "scott@perturb.org"
                }
            ],
            "description": "KRUMO - version 2.0 of print_r(); and var_dump(); (with new updates)",
            "keywords": [
                "debug",
                "debugging",
                "krumo",
                "pretty",
                "print",
                "print_r",
                "var_dump"
            ],
            "support": {
                "source": "https://github.com/xenobytezero/krumo/tree/v0.5.8"
            },
            "time": "2018-03-03T14:56:59+00:00"
        }
    ],
    "packages-dev": [],
    "aliases": [],
    "minimum-stability": "stable",
    "stability-flags": [],
    "prefer-stable": false,
    "prefer-lowest": false,
    "platform": [],
    "platform-dev": []
}
